
Microsoft Visual Studio Solution File, Format Version 12.00
# Visual Studio Version 16
VisualStudioVersion = 16.0.29519.87
MinimumVisualStudioVersion = 10.0.40219.1
Project("{9A19103F-16F7-4668-BE54-9A1E7A4F7556}") = "SAEA.Sockets", "SAEA.Sockets\SAEA.Sockets.csproj", "{83DAF148-B04B-4BA6-ACF2-A061FBA5ECA1}"
EndProject
Project("{9A19103F-16F7-4668-BE54-9A1E7A4F7556}") = "SAEA.Common", "SAEA.Common\SAEA.Common.csproj", "{D68FE725-8F9A-4633-BFBB-034685D0A2C7}"
EndProject
Project("{9A19103F-16F7-4668-BE54-9A1E7A4F7556}") = "SAEA.FileSocket", "SAEA.FileSocket\SAEA.FileSocket.csproj", "{D3CF4FB9-A950-45A7-A398-E08B56FB17AE}"
EndProject
Project("{9A19103F-16F7-4668-BE54-9A1E7A4F7556}") = "SAEA.FTP", "SAEA.FTP\SAEA.FTP.csproj", "{ECE0F3DF-C320-45D9-B910-8EBBDB8E2CF8}"
EndProject
Project("{9A19103F-16F7-4668-BE54-9A1E7A4F7556}") = "SAEA.Http", "SAEA.Http\SAEA.Http.csproj", "{73BFA6BD-AFE9-459C-84F7-3007F5C453C2}"
EndProject
Project("{9A19103F-16F7-4668-BE54-9A1E7A4F7556}") = "SAEA.MessageSocket", "SAEA.MessageSocket\SAEA.MessageSocket.csproj", "{E5A40EF4-C69A-4963-9401-620ED3875A29}"
EndProject
Project("{9A19103F-16F7-4668-BE54-9A1E7A4F7556}") = "SAEA.MQTT", "SAEA.MQTT\SAEA.MQTT.csproj", "{669B13E8-2A78-493C-A6BE-8BC5FD622077}"
EndProject
Project("{9A19103F-16F7-4668-BE54-9A1E7A4F7556}") = "SAEA.MVC", "SAEA.MVC\SAEA.MVC.csproj", "{CE20CA18-06DB-41B9-ACCD-9D143DEB154A}"
EndProject
Project("{9A19103F-16F7-4668-BE54-9A1E7A4F7556}") = "SAEA.QueueSocket", "SAEA.QueueSocket\SAEA.QueueSocket.csproj", "{61FDC7C3-CE01-4399-AB3B-80957F92DD12}"
EndProject
Project("{9A19103F-16F7-4668-BE54-9A1E7A4F7556}") = "SAEA.RedisSocket", "SAEA.RedisSocket\SAEA.RedisSocket.csproj", "{DCB56CB5-8FFE-4F50-8ECE-20E41E2EBEDA}"
EndProject
Project("{9A19103F-16F7-4668-BE54-9A1E7A4F7556}") = "SAEA.RPC", "SAEA.RPC\SAEA.RPC.csproj", "{A8E5CEA3-052E-441D-9905-AC19AD605B7B}"
EndProject
Project("{9A19103F-16F7-4668-BE54-9A1E7A4F7556}") = "SAEA.WebSocket", "SAEA.WebSocket\SAEA.WebSocket.csproj", "{CEACCCA7-7830-461C-A5F6-A3740C8BB5AC}"
EndProject
Project("{9A19103F-16F7-4668-BE54-9A1E7A4F7556}") = "SAEA.FileTest", "SAEA.FileTest\SAEA.FileTest.csproj", "{B7822FB2-5833-47C6-BEA0-E477BC0749C7}"
EndProject
Project("{FAE04EC0-301F-11D3-BF4B-00C04F79EFBC}") = "SAEA.FTPTest", "SAEA.FTPTest\SAEA.FTPTest.csproj", "{D5215062-BA3B-4A28-8034-723DFA12E30D}"
EndProject
Project("{9A19103F-16F7-4668-BE54-9A1E7A4F7556}") = "SAEA.HttpTest", "SAEA.HttpTest\SAEA.HttpTest.csproj", "{B3677497-61C2-4008-96B8-D09C5CEE0E17}"
EndProject
Project("{9A19103F-16F7-4668-BE54-9A1E7A4F7556}") = "SAEA.MessageTest", "SAEA.MessageTest\SAEA.MessageTest.csproj", "{3211CA96-3422-4E65-BD7F-82CEA63D8EC6}"
EndProject
Project("{9A19103F-16F7-4668-BE54-9A1E7A4F7556}") = "SAEA.MQTTTest", "SAEA.MQTTTest\SAEA.MQTTTest.csproj", "{CBE81FEE-1233-4080-A858-0C018467D309}"
EndProject
Project("{FAE04EC0-301F-11D3-BF4B-00C04F79EFBC}") = "SAEA.Mvc.ServiceTest", "SAEA.Mvc.ServiceTest\SAEA.Mvc.ServiceTest.csproj", "{78B4C427-6E75-4FFF-A172-490C51AA7B34}"
EndProject
Project("{9A19103F-16F7-4668-BE54-9A1E7A4F7556}") = "SAEA.MVCTest", "SAEA.MVCTest\SAEA.MVCTest.csproj", "{6DD5E081-6211-4A76-8D95-D3E0350DAFB0}"
EndProject
Project("{9A19103F-16F7-4668-BE54-9A1E7A4F7556}") = "SAEA.QueueSocketTest", "SAEA.QueueSocketTest\SAEA.QueueSocketTest.csproj", "{109BFCA2-2FC2-4B7F-B5D2-14B89CA81784}"
EndProject
Project("{9A19103F-16F7-4668-BE54-9A1E7A4F7556}") = "SAEA.RedisSocketTest", "SAEA.RedisSocketTest\SAEA.RedisSocketTest.csproj", "{85A68271-62DC-4929-8F2F-2E274884F8CE}"
EndProject
Project("{9A19103F-16F7-4668-BE54-9A1E7A4F7556}") = "SAEA.RPCTest", "SAEA.RPCTest\SAEA.RPCTest.csproj", "{BDEE7E0D-0A6A-4801-B495-8AD5B0CDD153}"
EndProject
Project("{9A19103F-16F7-4668-BE54-9A1E7A4F7556}") = "SAEA.WebSocketTest", "SAEA.WebSocketTest\SAEA.WebSocketTest.csproj", "{F23B507E-1945-496E-B6D4-B69AD81B8965}"
EndProject
Project("{9A19103F-16F7-4668-BE54-9A1E7A4F7556}") = "SAEA.DNS", "SAEA.DNS\SAEA.DNS.csproj", "{80BD310A-48A1-48EC-AE68-6C0CF34B5159}"
EndProject
Project("{FAE04EC0-301F-11D3-BF4B-00C04F79EFBC}") = "SAEA.DNSTest", "SAEA.DNSTest\SAEA.DNSTest.csproj", "{62C7969C-AEC9-4D00-8AD9-0492811784EF}"
EndProject
Global
	GlobalSection(SolutionConfigurationPlatforms) = preSolution
		Debug|Any CPU = Debug|Any CPU
		Release|Any CPU = Release|Any CPU
	EndGlobalSection
	GlobalSection(ProjectConfigurationPlatforms) = postSolution
		{83DAF148-B04B-4BA6-ACF2-A061FBA5ECA1}.Debug|Any CPU.ActiveCfg = Debug|Any CPU
		{83DAF148-B04B-4BA6-ACF2-A061FBA5ECA1}.Debug|Any CPU.Build.0 = Debug|Any CPU
		{83DAF148-B04B-4BA6-ACF2-A061FBA5ECA1}.Release|Any CPU.ActiveCfg = Release|Any CPU
		{83DAF148-B04B-4BA6-ACF2-A061FBA5ECA1}.Release|Any CPU.Build.0 = Release|Any CPU
		{D68FE725-8F9A-4633-BFBB-034685D0A2C7}.Debug|Any CPU.ActiveCfg = Debug|Any CPU
		{D68FE725-8F9A-4633-BFBB-034685D0A2C7}.Debug|Any CPU.Build.0 = Debug|Any CPU
		{D68FE725-8F9A-4633-BFBB-034685D0A2C7}.Release|Any CPU.ActiveCfg = Release|Any CPU
		{D68FE725-8F9A-4633-BFBB-034685D0A2C7}.Release|Any CPU.Build.0 = Release|Any CPU
		{D3CF4FB9-A950-45A7-A398-E08B56FB17AE}.Debug|Any CPU.ActiveCfg = Debug|Any CPU
		{D3CF4FB9-A950-45A7-A398-E08B56FB17AE}.Debug|Any CPU.Build.0 = Debug|Any CPU
		{D3CF4FB9-A950-45A7-A398-E08B56FB17AE}.Release|Any CPU.ActiveCfg = Release|Any CPU
		{D3CF4FB9-A950-45A7-A398-E08B56FB17AE}.Release|Any CPU.Build.0 = Release|Any CPU
		{ECE0F3DF-C320-45D9-B910-8EBBDB8E2CF8}.Debug|Any CPU.ActiveCfg = Debug|Any CPU
		{ECE0F3DF-C320-45D9-B910-8EBBDB8E2CF8}.Debug|Any CPU.Build.0 = Debug|Any CPU
		{ECE0F3DF-C320-45D9-B910-8EBBDB8E2CF8}.Release|Any CPU.ActiveCfg = Release|Any CPU
		{ECE0F3DF-C320-45D9-B910-8EBBDB8E2CF8}.Release|Any CPU.Build.0 = Release|Any CPU
		{73BFA6BD-AFE9-459C-84F7-3007F5C453C2}.Debug|Any CPU.ActiveCfg = Debug|Any CPU
		{73BFA6BD-AFE9-459C-84F7-3007F5C453C2}.Debug|Any CPU.Build.0 = Debug|Any CPU
		{73BFA6BD-AFE9-459C-84F7-3007F5C453C2}.Release|Any CPU.ActiveCfg = Release|Any CPU
		{73BFA6BD-AFE9-459C-84F7-3007F5C453C2}.Release|Any CPU.Build.0 = Release|Any CPU
		{E5A40EF4-C69A-4963-9401-620ED3875A29}.Debug|Any CPU.ActiveCfg = Debug|Any CPU
		{E5A40EF4-C69A-4963-9401-620ED3875A29}.Debug|Any CPU.Build.0 = Debug|Any CPU
		{E5A40EF4-C69A-4963-9401-620ED3875A29}.Release|Any CPU.ActiveCfg = Release|Any CPU
		{E5A40EF4-C69A-4963-9401-620ED3875A29}.Release|Any CPU.Build.0 = Release|Any CPU
		{669B13E8-2A78-493C-A6BE-8BC5FD622077}.Debug|Any CPU.ActiveCfg = Debug|Any CPU
		{669B13E8-2A78-493C-A6BE-8BC5FD622077}.Debug|Any CPU.Build.0 = Debug|Any CPU
		{669B13E8-2A78-493C-A6BE-8BC5FD622077}.Release|Any CPU.ActiveCfg = Release|Any CPU
		{669B13E8-2A78-493C-A6BE-8BC5FD622077}.Release|Any CPU.Build.0 = Release|Any CPU
		{CE20CA18-06DB-41B9-ACCD-9D143DEB154A}.Debug|Any CPU.ActiveCfg = Debug|Any CPU
		{CE20CA18-06DB-41B9-ACCD-9D143DEB154A}.Debug|Any CPU.Build.0 = Debug|Any CPU
		{CE20CA18-06DB-41B9-ACCD-9D143DEB154A}.Release|Any CPU.ActiveCfg = Release|Any CPU
		{CE20CA18-06DB-41B9-ACCD-9D143DEB154A}.Release|Any CPU.Build.0 = Release|Any CPU
		{61FDC7C3-CE01-4399-AB3B-80957F92DD12}.Debug|Any CPU.ActiveCfg = Debug|Any CPU
		{61FDC7C3-CE01-4399-AB3B-80957F92DD12}.Debug|Any CPU.Build.0 = Debug|Any CPU
		{61FDC7C3-CE01-4399-AB3B-80957F92DD12}.Release|Any CPU.ActiveCfg = Release|Any CPU
		{61FDC7C3-CE01-4399-AB3B-80957F92DD12}.Release|Any CPU.Build.0 = Release|Any CPU
		{DCB56CB5-8FFE-4F50-8ECE-20E41E2EBEDA}.Debug|Any CPU.ActiveCfg = Debug|Any CPU
		{DCB56CB5-8FFE-4F50-8ECE-20E41E2EBEDA}.Debug|Any CPU.Build.0 = Debug|Any CPU
		{DCB56CB5-8FFE-4F50-8ECE-20E41E2EBEDA}.Release|Any CPU.ActiveCfg = Release|Any CPU
		{DCB56CB5-8FFE-4F50-8ECE-20E41E2EBEDA}.Release|Any CPU.Build.0 = Release|Any CPU
		{A8E5CEA3-052E-441D-9905-AC19AD605B7B}.Debug|Any CPU.ActiveCfg = Debug|Any CPU
		{A8E5CEA3-052E-441D-9905-AC19AD605B7B}.Debug|Any CPU.Build.0 = Debug|Any CPU
		{A8E5CEA3-052E-441D-9905-AC19AD605B7B}.Release|Any CPU.ActiveCfg = Release|Any CPU
		{A8E5CEA3-052E-441D-9905-AC19AD605B7B}.Release|Any CPU.Build.0 = Release|Any CPU
		{CEACCCA7-7830-461C-A5F6-A3740C8BB5AC}.Debug|Any CPU.ActiveCfg = Debug|Any CPU
		{CEACCCA7-7830-461C-A5F6-A3740C8BB5AC}.Debug|Any CPU.Build.0 = Debug|Any CPU
		{CEACCCA7-7830-461C-A5F6-A3740C8BB5AC}.Release|Any CPU.ActiveCfg = Release|Any CPU
		{CEACCCA7-7830-461C-A5F6-A3740C8BB5AC}.Release|Any CPU.Build.0 = Release|Any CPU
		{B7822FB2-5833-47C6-BEA0-E477BC0749C7}.Debug|Any CPU.ActiveCfg = Debug|Any CPU
		{B7822FB2-5833-47C6-BEA0-E477BC0749C7}.Debug|Any CPU.Build.0 = Debug|Any CPU
		{B7822FB2-5833-47C6-BEA0-E477BC0749C7}.Release|Any CPU.ActiveCfg = Release|Any CPU
		{B7822FB2-5833-47C6-BEA0-E477BC0749C7}.Release|Any CPU.Build.0 = Release|Any CPU
		{D5215062-BA3B-4A28-8034-723DFA12E30D}.Debug|Any CPU.ActiveCfg = Debug|Any CPU
		{D5215062-BA3B-4A28-8034-723DFA12E30D}.Debug|Any CPU.Build.0 = Debug|Any CPU
		{D5215062-BA3B-4A28-8034-723DFA12E30D}.Release|Any CPU.ActiveCfg = Release|Any CPU
		{D5215062-BA3B-4A28-8034-723DFA12E30D}.Release|Any CPU.Build.0 = Release|Any CPU
		{B3677497-61C2-4008-96B8-D09C5CEE0E17}.Debug|Any CPU.ActiveCfg = Debug|Any CPU
		{B3677497-61C2-4008-96B8-D09C5CEE0E17}.Debug|Any CPU.Build.0 = Debug|Any CPU
		{B3677497-61C2-4008-96B8-D09C5CEE0E17}.Release|Any CPU.ActiveCfg = Release|Any CPU
		{B3677497-61C2-4008-96B8-D09C5CEE0E17}.Release|Any CPU.Build.0 = Release|Any CPU
		{3211CA96-3422-4E65-BD7F-82CEA63D8EC6}.Debug|Any CPU.ActiveCfg = Debug|Any CPU
		{3211CA96-3422-4E65-BD7F-82CEA63D8EC6}.Debug|Any CPU.Build.0 = Debug|Any CPU
		{3211CA96-3422-4E65-BD7F-82CEA63D8EC6}.Release|Any CPU.ActiveCfg = Release|Any CPU
		{3211CA96-3422-4E65-BD7F-82CEA63D8EC6}.Release|Any CPU.Build.0 = Release|Any CPU
		{CBE81FEE-1233-4080-A858-0C018467D309}.Debug|Any CPU.ActiveCfg = Debug|Any CPU
		{CBE81FEE-1233-4080-A858-0C018467D309}.Debug|Any CPU.Build.0 = Debug|Any CPU
		{CBE81FEE-1233-4080-A858-0C018467D309}.Release|Any CPU.ActiveCfg = Release|Any CPU
		{CBE81FEE-1233-4080-A858-0C018467D309}.Release|Any CPU.Build.0 = Release|Any CPU
		{78B4C427-6E75-4FFF-A172-490C51AA7B34}.Debug|Any CPU.ActiveCfg = Debug|Any CPU
		{78B4C427-6E75-4FFF-A172-490C51AA7B34}.Debug|Any CPU.Build.0 = Debug|Any CPU
		{78B4C427-6E75-4FFF-A172-490C51AA7B34}.Release|Any CPU.ActiveCfg = Release|Any CPU
		{78B4C427-6E75-4FFF-A172-490C51AA7B34}.Release|Any CPU.Build.0 = Release|Any CPU
		{6DD5E081-6211-4A76-8D95-D3E0350DAFB0}.Debug|Any CPU.ActiveCfg = Debug|Any CPU
		{6DD5E081-6211-4A76-8D95-D3E0350DAFB0}.Debug|Any CPU.Build.0 = Debug|Any CPU
		{6DD5E081-6211-4A76-8D95-D3E0350DAFB0}.Release|Any CPU.ActiveCfg = Release|Any CPU
		{6DD5E081-6211-4A76-8D95-D3E0350DAFB0}.Release|Any CPU.Build.0 = Release|Any CPU
		{109BFCA2-2FC2-4B7F-B5D2-14B89CA81784}.Debug|Any CPU.ActiveCfg = Debug|Any CPU
		{109BFCA2-2FC2-4B7F-B5D2-14B89CA81784}.Debug|Any CPU.Build.0 = Debug|Any CPU
		{109BFCA2-2FC2-4B7F-B5D2-14B89CA81784}.Release|Any CPU.ActiveCfg = Release|Any CPU
		{109BFCA2-2FC2-4B7F-B5D2-14B89CA81784}.Release|Any CPU.Build.0 = Release|Any CPU
		{85A68271-62DC-4929-8F2F-2E274884F8CE}.Debug|Any CPU.ActiveCfg = Debug|Any CPU
		{85A68271-62DC-4929-8F2F-2E274884F8CE}.Debug|Any CPU.Build.0 = Debug|Any CPU
		{85A68271-62DC-4929-8F2F-2E274884F8CE}.Release|Any CPU.ActiveCfg = Release|Any CPU
		{85A68271-62DC-4929-8F2F-2E274884F8CE}.Release|Any CPU.Build.0 = Release|Any CPU
		{BDEE7E0D-0A6A-4801-B495-8AD5B0CDD153}.Debug|Any CPU.ActiveCfg = Debug|Any CPU
		{BDEE7E0D-0A6A-4801-B495-8AD5B0CDD153}.Debug|Any CPU.Build.0 = Debug|Any CPU
		{BDEE7E0D-0A6A-4801-B495-8AD5B0CDD153}.Release|Any CPU.ActiveCfg = Release|Any CPU
		{BDEE7E0D-0A6A-4801-B495-8AD5B0CDD153}.Release|Any CPU.Build.0 = Release|Any CPU
		{F23B507E-1945-496E-B6D4-B69AD81B8965}.Debug|Any CPU.ActiveCfg = Debug|Any CPU
		{F23B507E-1945-496E-B6D4-B69AD81B8965}.Debug|Any CPU.Build.0 = Debug|Any CPU
		{F23B507E-1945-496E-B6D4-B69AD81B8965}.Release|Any CPU.ActiveCfg = Release|Any CPU
		{F23B507E-1945-496E-B6D4-B69AD81B8965}.Release|Any CPU.Build.0 = Release|Any CPU
		{80BD310A-48A1-48EC-AE68-6C0CF34B5159}.Debug|Any CPU.ActiveCfg = Debug|Any CPU
		{80BD310A-48A1-48EC-AE68-6C0CF34B5159}.Debug|Any CPU.Build.0 = Debug|Any CPU
		{80BD310A-48A1-48EC-AE68-6C0CF34B5159}.Release|Any CPU.ActiveCfg = Release|Any CPU
		{80BD310A-48A1-48EC-AE68-6C0CF34B5159}.Release|Any CPU.Build.0 = Release|Any CPU
		{62C7969C-AEC9-4D00-8AD9-0492811784EF}.Debug|Any CPU.ActiveCfg = Debug|Any CPU
		{62C7969C-AEC9-4D00-8AD9-0492811784EF}.Debug|Any CPU.Build.0 = Debug|Any CPU
		{62C7969C-AEC9-4D00-8AD9-0492811784EF}.Release|Any CPU.ActiveCfg = Release|Any CPU
		{62C7969C-AEC9-4D00-8AD9-0492811784EF}.Release|Any CPU.Build.0 = Release|Any CPU
	EndGlobalSection
	GlobalSection(SolutionProperties) = preSolution
		HideSolutionNode = FALSE
	EndGlobalSection
	GlobalSection(ExtensibilityGlobals) = postSolution
		SolutionGuid = {4D0A08EE-F7D7-45A6-BF91-B0486B702190}
	EndGlobalSection
EndGlobal
